// !$*UTF8*$!
{
	archiveVersion = 1;
	classes = {
	};
	objectVersion = 50;
	objects = {

/* Begin PBXBuildFile section */
		6F4CA1E720C9067500FD1A1D /* AppDelegate.swift in Sources */ = {isa = PBXBuildFile; fileRef = 6F4CA1E620C9067500FD1A1D /* AppDelegate.swift */; };
		6F4CA1E920C9067500FD1A1D /* ViewController.swift in Sources */ = {isa = PBXBuildFile; fileRef = 6F4CA1E820C9067500FD1A1D /* ViewController.swift */; };
		6F4CA1EC20C9067500FD1A1D /* Main.storyboard in Resources */ = {isa = PBXBuildFile; fileRef = 6F4CA1EA20C9067500FD1A1D /* Main.storyboard */; };
		6F4CA1EE20C9067800FD1A1D /* Assets.xcassets in Resources */ = {isa = PBXBuildFile; fileRef = 6F4CA1ED20C9067800FD1A1D /* Assets.xcassets */; };
		6F4CA1F120C9067800FD1A1D /* LaunchScreen.storyboard in Resources */ = {isa = PBXBuildFile; fileRef = 6F4CA1EF20C9067800FD1A1D /* LaunchScreen.storyboard */; };
		6F4CA1FC20C9067800FD1A1D /* PullToRefresh_07Tests.swift in Sources */ = {isa = PBXBuildFile; fileRef = 6F4CA1FB20C9067800FD1A1D /* PullToRefresh_07Tests.swift */; };
		6F4CA20720C9067800FD1A1D /* PullToRefresh_07UITests.swift in Sources */ = {isa = PBXBuildFile; fileRef = 6F4CA20620C9067800FD1A1D /* PullToRefresh_07UITests.swift */; };
/* End PBXBuildFile section */

/* Begin PBXContainerItemProxy section */
		6F4CA1F820C9067800FD1A1D /* PBXContainerItemProxy */ = {
			isa = PBXContainerItemProxy;
			containerPortal = 6F4CA1DB20C9067500FD1A1D /* Project object */;
			proxyType = 1;
			remoteGlobalIDString = 6F4CA1E220C9067500FD1A1D;
			remoteInfo = PullToRefresh_07;
		};
		6F4CA20320C9067800FD1A1D /* PBXContainerItemProxy */ = {
			isa = PBXContainerItemProxy;
			containerPortal = 6F4CA1DB20C9067500FD1A1D /* Project object */;
			proxyType = 1;
			remoteGlobalIDString = 6F4CA1E220C9067500FD1A1D;
			remoteInfo = PullToRefresh_07;
		};
/* End PBXContainerItemProxy section */

/* Begin PBXFileReference section */
		6F4CA1E320C9067500FD1A1D /* PullToRefresh_07.app */ = {isa = PBXFileReference; explicitFileType = wrapper.application; includeInIndex = 0; path = PullToRefresh_07.app; sourceTree = BUILT_PRODUCTS_DIR; };
		6F4CA1E620C9067500FD1A1D /* AppDelegate.swift */ = {isa = PBXFileReference; lastKnownFileType = sourcecode.swift; path = AppDelegate.swift; sourceTree = "<group>"; };
		6F4CA1E820C9067500FD1A1D /* ViewController.swift */ = {isa = PBXFileReference; lastKnownFileType = sourcecode.swift; path = ViewController.swift; sourceTree = "<group>"; };
		6F4CA1EB20C9067500FD1A1D /* Base */ = {isa = PBXFileReference; lastKnownFileType = file.storyboard; name = Base; path = Base.lproj/Main.storyboard; sourceTree = "<group>"; };
		6F4CA1ED20C9067800FD1A1D /* Assets.xcassets */ = {isa = PBXFileReference; lastKnownFileType = folder.assetcatalog; path = Assets.xcassets; sourceTree = "<group>"; };
		6F4CA1F020C9067800FD1A1D /* Base */ = {isa = PBXFileReference; lastKnownFileType = file.storyboard; name = Base; path = Base.lproj/LaunchScreen.storyboard; sourceTree = "<group>"; };
		6F4CA1F220C9067800FD1A1D /* Info.plist */ = {isa = PBXFileReference; lastKnownFileType = text.plist.xml; path = Info.plist; sourceTree = "<group>"; };
		6F4CA1F720C9067800FD1A1D /* PullToRefresh_07Tests.xctest */ = {isa = PBXFileReference; explicitFileType = wrapper.cfbundle; includeInIndex = 0; path = PullToRefresh_07Tests.xctest; sourceTree = BUILT_PRODUCTS_DIR; };
		6F4CA1FB20C9067800FD1A1D /* PullToRefresh_07Tests.swift */ = {isa = PBXFileReference; lastKnownFileType = sourcecode.swift; path = PullToRefresh_07Tests.swift; sourceTree = "<group>"; };
		6F4CA1FD20C9067800FD1A1D /* Info.plist */ = {isa = PBXFileReference; lastKnownFileType = text.plist.xml; path = Info.plist; sourceTree = "<group>"; };
		6F4CA20220C9067800FD1A1D /* PullToRefresh_07UITests.xctest */ = {isa = PBXFileReference; explicitFileType = wrapper.cfbundle; includeInIndex = 0; path = PullToRefresh_07UITests.xctest; sourceTree = BUILT_PRODUCTS_DIR; };
		6F4CA20620C9067800FD1A1D /* PullToRefresh_07UITests.swift */ = {isa = PBXFileReference; lastKnownFileType = sourcecode.swift; path = PullToRefresh_07UITests.swift; sourceTree = "<group>"; };
		6F4CA20820C9067800FD1A1D /* Info.plist */ = {isa = PBXFileReference; lastKnownFileType = text.plist.xml; path = Info.plist; sourceTree = "<group>"; };
/* End PBXFileReference section */

/* Begin PBXFrameworksBuildPhase section */
		6F4CA1E020C9067500FD1A1D /* Frameworks */ = {
			isa = PBXFrameworksBuildPhase;
			buildActionMask = 2147483647;
			files = (
			);
			runOnlyForDeploymentPostprocessing = 0;
		};
		6F4CA1F420C9067800FD1A1D /* Frameworks */ = {
			isa = PBXFrameworksBuildPhase;
			buildActionMask = 2147483647;
			files = (
			);
			runOnlyForDeploymentPostprocessing = 0;
		};
		6F4CA1FF20C9067800FD1A1D /* Frameworks */ = {
			isa = PBXFrameworksBuildPhase;
			buildActionMask = 2147483647;
			files = (
			);
			runOnlyForDeploymentPostprocessing = 0;
		};
/* End PBXFrameworksBuildPhase section */

/* Begin PBXGroup section */
		6F4CA1DA20C9067500FD1A1D = {
			isa = PBXGroup;
			children = (
				6F4CA1E520C9067500FD1A1D /* PullToRefresh_07 */,
				6F4CA1FA20C9067800FD1A1D /* PullToRefresh_07Tests */,
				6F4CA20520C9067800FD1A1D /* PullToRefresh_07UITests */,
				6F4CA1E420C9067500FD1A1D /* Products */,
			);
			sourceTree = "<group>";
		};
		6F4CA1E420C9067500FD1A1D /* Products */ = {
			isa = PBXGroup;
			children = (
				6F4CA1E320C9067500FD1A1D /* PullToRefresh_07.app */,
				6F4CA1F720C9067800FD1A1D /* PullToRefresh_07Tests.xctest */,
				6F4CA20220C9067800FD1A1D /* PullToRefresh_07UITests.xctest */,
			);
			name = Products;
			sourceTree = "<group>";
		};
		6F4CA1E520C9067500FD1A1D /* PullToRefresh_07 */ = {
			isa = PBXGroup;
			children = (
				6F4CA1E620C9067500FD1A1D /* AppDelegate.swift */,
				6F4CA1E820C9067500FD1A1D /* ViewController.swift */,
				6F4CA1EA20C9067500FD1A1D /* Main.storyboard */,
				6F4CA1ED20C9067800FD1A1D /* Assets.xcassets */,
				6F4CA1EF20C9067800FD1A1D /* LaunchScreen.storyboard */,
				6F4CA1F220C9067800FD1A1D /* Info.plist */,
			);
			path = PullToRefresh_07;
			sourceTree = "<group>";
		};
		6F4CA1FA20C9067800FD1A1D /* PullToRefresh_07Tests */ = {
			isa = PBXGroup;
			children = (
				6F4CA1FB20C9067800FD1A1D /* PullToRefresh_07Tests.swift */,
				6F4CA1FD20C9067800FD1A1D /* Info.plist */,
			);
			path = PullToRefresh_07Tests;
			sourceTree = "<group>";
		};
		6F4CA20520C9067800FD1A1D /* PullToRefresh_07UITests */ = {
			isa = PBXGroup;
			children = (
				6F4CA20620C9067800FD1A1D /* PullToRefresh_07UITests.swift */,
				6F4CA20820C9067800FD1A1D /* Info.plist */,
			);
			path = PullToRefresh_07UITests;
			sourceTree = "<group>";
		};
/* End PBXGroup section */

/* Begin PBXNativeTarget section */
		6F4CA1E220C9067500FD1A1D /* PullToRefresh_07 */ = {
			isa = PBXNativeTarget;
			buildConfigurationList = 6F4CA20B20C9067800FD1A1D /* Build configuration list for PBXNativeTarget "PullToRefresh_07" */;
			buildPhases = (
				6F4CA1DF20C9067500FD1A1D /* Sources */,
				6F4CA1E020C9067500FD1A1D /* Frameworks */,
				6F4CA1E120C9067500FD1A1D /* Resources */,
			);
			buildRules = (
			);
			dependencies = (
			);
			name = PullToRefresh_07;
			productName = PullToRefresh_07;
			productReference = 6F4CA1E320C9067500FD1A1D /* PullToRefresh_07.app */;
			productType = "com.apple.product-type.application";
		};
		6F4CA1F620C9067800FD1A1D /* PullToRefresh_07Tests */ = {
			isa = PBXNativeTarget;
			buildConfigurationList = 6F4CA20E20C9067800FD1A1D /* Build configuration list for PBXNativeTarget "PullToRefresh_07Tests" */;
			buildPhases = (
				6F4CA1F320C9067800FD1A1D /* Sources */,
				6F4CA1F420C9067800FD1A1D /* Frameworks */,
				6F4CA1F520C9067800FD1A1D /* Resources */,
			);
			buildRules = (
			);
			dependencies = (
				6F4CA1F920C9067800FD1A1D /* PBXTargetDependency */,
			);
			name = PullToRefresh_07Tests;
			productName = PullToRefresh_07Tests;
			productReference = 6F4CA1F720C9067800FD1A1D /* PullToRefresh_07Tests.xctest */;
			productType = "com.apple.product-type.bundle.unit-test";
		};
		6F4CA20120C9067800FD1A1D /* PullToRefresh_07UITests */ = {
			isa = PBXNativeTarget;
			buildConfigurationList = 6F4CA21120C9067800FD1A1D /* Build configuration list for PBXNativeTarget "PullToRefresh_07UITests" */;
			buildPhases = (
				6F4CA1FE20C9067800FD1A1D /* Sources */,
				6F4CA1FF20C9067800FD1A1D /* Frameworks */,
				6F4CA20020C9067800FD1A1D /* Resources */,
			);
			buildRules = (
			);
			dependencies = (
				6F4CA20420C9067800FD1A1D /* PBXTargetDependency */,
			);
			name = PullToRefresh_07UITests;
			productName = PullToRefresh_07UITests;
			productReference = 6F4CA20220C9067800FD1A1D /* PullToRefresh_07UITests.xctest */;
			productType = "com.apple.product-type.bundle.ui-testing";
		};
/* End PBXNativeTarget section */

/* Begin PBXProject section */
		6F4CA1DB20C9067500FD1A1D /* Project object */ = {
			isa = PBXProject;
			attributes = {
				LastSwiftUpdateCheck = 0930;
				LastUpgradeCheck = 0930;
				ORGANIZATIONNAME = "宋澎";
				TargetAttributes = {
					6F4CA1E220C9067500FD1A1D = {
						CreatedOnToolsVersion = 9.3;
					};
					6F4CA1F620C9067800FD1A1D = {
						CreatedOnToolsVersion = 9.3;
						TestTargetID = 6F4CA1E220C9067500FD1A1D;
					};
					6F4CA20120C9067800FD1A1D = {
						CreatedOnToolsVersion = 9.3;
						TestTargetID = 6F4CA1E220C9067500FD1A1D;
					};
				};
			};
			buildConfigurationList = 6F4CA1DE20C9067500FD1A1D /* Build configuration list for PBXProject "PullToRefresh_07" */;
			compatibilityVersion = "Xcode 9.3";
			developmentRegion = en;
			hasScannedForEncodings = 0;
			knownRegions = (
				en,
				Base,
			);
			mainGroup = 6F4CA1DA20C9067500FD1A1D;
			productRefGroup = 6F4CA1E420C9067500FD1A1D /* Products */;
			projectDirPath = "";
			projectRoot = "";
			targets = (
				6F4CA1E220C9067500FD1A1D /* PullToRefresh_07 */,
				6F4CA1F620C9067800FD1A1D /* PullToRefresh_07Tests */,
				6F4CA20120C9067800FD1A1D /* PullToRefresh_07UITests */,
			);
		};
/* End PBXProject section */

/* Begin PBXResourcesBuildPhase section */
		6F4CA1E120C9067500FD1A1D /* Resources */ = {
			isa = PBXResourcesBuildPhase;
			buildActionMask = 2147483647;
			files = (
				6F4CA1F120C9067800FD1A1D /* LaunchScreen.storyboard in Resources */,
				6F4CA1EE20C9067800FD1A1D /* Assets.xcassets in Resources */,
				6F4CA1EC20C9067500FD1A1D /* Main.storyboard in Resources */,
			);
			runOnlyForDeploymentPostprocessing = 0;
		};
		6F4CA1F520C9067800FD1A1D /* Resources */ = {
			isa = PBXResourcesBuildPhase;
			buildActionMask = 2147483647;
			files = (
			);
			runOnlyForDeploymentPostprocessing = 0;
		};
		6F4CA20020C9067800FD1A1D /* Resources */ = {
			isa = PBXResourcesBuildPhase;
			buildActionMask = 2147483647;
			files = (
			);
			runOnlyForDeploymentPostprocessing = 0;
		};
/* End PBXResourcesBuildPhase section */

/* Begin PBXSourcesBuildPhase section */
		6F4CA1DF20C9067500FD1A1D /* Sources */ = {
			isa = PBXSourcesBuildPhase;
			buildActionMask = 2147483647;
			files = (
				6F4CA1E920C9067500FD1A1D /* ViewController.swift in Sources */,
				6F4CA1E720C9067500FD1A1D /* AppDelegate.swift in Sources */,
			);
			runOnlyForDeploymentPostprocessing = 0;
		};
		6F4CA1F320C9067800FD1A1D /* Sources */ = {
			isa = PBXSourcesBuildPhase;
			buildActionMask = 2147483647;
			files = (
				6F4CA1FC20C9067800FD1A1D /* PullToRefresh_07Tests.swift in Sources */,
			);
			runOnlyForDeploymentPostprocessing = 0;
		};
		6F4CA1FE20C9067800FD1A1D /* Sources */ = {
			isa = PBXSourcesBuildPhase;
			buildActionMask = 2147483647;
			files = (
				6F4CA20720C9067800FD1A1D /* PullToRefresh_07UITests.swift in Sources */,
			);
			runOnlyForDeploymentPostprocessing = 0;
		};
/* End PBXSourcesBuildPhase section */

/* Begin PBXTargetDependency section */
		6F4CA1F920C9067800FD1A1D /* PBXTargetDependency */ = {
			isa = PBXTargetDependency;
			target = 6F4CA1E220C9067500FD1A1D /* PullToRefresh_07 */;
			targetProxy = 6F4CA1F820C9067800FD1A1D /* PBXContainerItemProxy */;
		};
		6F4CA20420C9067800FD1A1D /* PBXTargetDependency */ = {
			isa = PBXTargetDependency;
			target = 6F4CA1E220C9067500FD1A1D /* PullToRefresh_07 */;
			targetProxy = 6F4CA20320C9067800FD1A1D /* PBXContainerItemProxy */;
		};
/* End PBXTargetDependency section */

/* Begin PBXVariantGroup section */
		6F4CA1EA20C9067500FD1A1D /* Main.storyboard */ = {
			isa = PBXVariantGroup;
			children = (
				6F4CA1EB20C9067500FD1A1D /* Base */,
			);
			name = Main.storyboard;
			sourceTree = "<group>";
		};
		6F4CA1EF20C9067800FD1A1D /* LaunchScreen.storyboard */ = {
			isa = PBXVariantGroup;
			children = (
				6F4CA1F020C9067800FD1A1D /* Base */,
			);
			name = LaunchScreen.storyboard;
			sourceTree = "<group>";
		};
/* End PBXVariantGroup section */

/* Begin XCBuildConfiguration section */
		6F4CA20920C9067800FD1A1D /* Debug */ = {
			isa = XCBuildConfiguration;
			buildSettings = {
				ALWAYS_SEARCH_USER_PATHS = NO;
				CLANG_ANALYZER_NONNULL = YES;
				CLANG_ANALYZER_NUMBER_OBJECT_CONVERSION = YES_AGGRESSIVE;
				CLANG_CXX_LANGUAGE_STANDARD = "gnu++14";
				CLANG_CXX_LIBRARY = "libc++";
				CLANG_ENABLE_MODULES = YES;
				CLANG_ENABLE_OBJC_ARC = YES;
				CLANG_ENABLE_OBJC_WEAK = YES;
				CLANG_WARN_BLOCK_CAPTURE_AUTORELEASING = YES;
				CLANG_WARN_BOOL_CONVERSION = YES;
				CLANG_WARN_COMMA = YES;
				CLANG_WARN_CONSTANT_CONVERSION = YES;
				CLANG_WARN_DEPRECATED_OBJC_IMPLEMENTATIONS = YES;
				CLANG_WARN_DIRECT_OBJC_ISA_USAGE = YES_ERROR;
				CLANG_WARN_DOCUMENTATION_COMMENTS = YES;
				CLANG_WARN_EMPTY_BODY = YES;
				CLANG_WARN_ENUM_CONVERSION = YES;
				CLANG_WARN_INFINITE_RECURSION = YES;
				CLANG_WARN_INT_CONVERSION = YES;
				CLANG_WARN_NON_LITERAL_NULL_CONVERSION = YES;
				CLANG_WARN_OBJC_IMPLICIT_RETAIN_SELF = YES;
				CLANG_WARN_OBJC_LITERAL_CONVERSION = YES;
				CLANG_WARN_OBJC_ROOT_CLASS = YES_ERROR;
				CLANG_WARN_RANGE_LOOP_ANALYSIS = YES;
				CLANG_WARN_STRICT_PROTOTYPES = YES;
				CLANG_WARN_SUSPICIOUS_MOVE = YES;
				CLANG_WARN_UNGUARDED_AVAILABILITY = YES_AGGRESSIVE;
				CLANG_WARN_UNREACHABLE_CODE = YES;
				CLANG_WARN__DUPLICATE_METHOD_MATCH = YES;
				CODE_SIGN_IDENTITY = "iPhone Developer";
				COPY_PHASE_STRIP = NO;
				DEBUG_INFORMATION_FORMAT = dwarf;
				ENABLE_STRICT_OBJC_MSGSEND = YES;
				ENABLE_TESTABILITY = YES;
				GCC_C_LANGUAGE_STANDARD = gnu11;
				GCC_DYNAMIC_NO_PIC = NO;
				GCC_NO_COMMON_BLOCKS = YES;
				GCC_OPTIMIZATION_LEVEL = 0;
				GCC_PREPROCESSOR_DEFINITIONS = (
					"DEBUG=1",
					"$(inherited)",
				);
				GCC_WARN_64_TO_32_BIT_CONVERSION = YES;
				GCC_WARN_ABOUT_RETURN_TYPE = YES_ERROR;
				GCC_WARN_UNDECLARED_SELECTOR = YES;
				GCC_WARN_UNINITIALIZED_AUTOS = YES_AGGRESSIVE;
				GCC_WARN_UNUSED_FUNCTION = YES;
				GCC_WARN_UNUSED_VARIABLE = YES;
				IPHONEOS_DEPLOYMENT_TARGET = 11.3;
				MTL_ENABLE_DEBUG_INFO = YES;
				ONLY_ACTIVE_ARCH = YES;
				SDKROOT = iphoneos;
				SWIFT_ACTIVE_COMPILATION_CONDITIONS = DEBUG;
				SWIFT_OPTIMIZATION_LEVEL = "-Onone";
			};
			name = Debug;
		};
		6F4CA20A20C9067800FD1A1D /* Release */ = {
			isa = XCBuildConfiguration;
			buildSettings = {
				ALWAYS_SEARCH_USER_PATHS = NO;
				CLANG_ANALYZER_NONNULL = YES;
				CLANG_ANALYZER_NUMBER_OBJECT_CONVERSION = YES_AGGRESSIVE;
				CLANG_CXX_LANGUAGE_STANDARD = "gnu++14";
				CLANG_CXX_LIBRARY = "libc++";
				CLANG_ENABLE_MODULES = YES;
				CLANG_ENABLE_OBJC_ARC = YES;
				CLANG_ENABLE_OBJC_WEAK = YES;
				CLANG_WARN_BLOCK_CAPTURE_AUTORELEASING = YES;
				CLANG_WARN_BOOL_CONVERSION = YES;
				CLANG_WARN_COMMA = YES;
				CLANG_WARN_CONSTANT_CONVERSION = YES;
				CLANG_WARN_DEPRECATED_OBJC_IMPLEMENTATIONS = YES;
				CLANG_WARN_DIRECT_OBJC_ISA_USAGE = YES_ERROR;
				CLANG_WARN_DOCUMENTATION_COMMENTS = YES;
				CLANG_WARN_EMPTY_BODY = YES;
				CLANG_WARN_ENUM_CONVERSION = YES;
				CLANG_WARN_INFINITE_RECURSION = YES;
				CLANG_WARN_INT_CONVERSION = YES;
				CLANG_WARN_NON_LITERAL_NULL_CONVERSION = YES;
				CLANG_WARN_OBJC_IMPLICIT_RETAIN_SELF = YES;
				CLANG_WARN_OBJC_LITERAL_CONVERSION = YES;
				CLANG_WARN_OBJC_ROOT_CLASS = YES_ERROR;
				CLANG_WARN_RANGE_LOOP_ANALYSIS = YES;
				CLANG_WARN_STRICT_PROTOTYPES = YES;
				CLANG_WARN_SUSPICIOUS_MOVE = YES;
				CLANG_WARN_UNGUARDED_AVAILABILITY = YES_AGGRESSIVE;
				CLANG_WARN_UNREACHABLE_CODE = YES;
				CLANG_WARN__DUPLICATE_METHOD_MATCH = YES;
				CODE_SIGN_IDENTITY = "iPhone Developer";
				COPY_PHASE_STRIP = NO;
				DEBUG_INFORMATION_FORMAT = "dwarf-with-dsym";
				ENABLE_NS_ASSERTIONS = NO;
				ENABLE_STRICT_OBJC_MSGSEND = YES;
				GCC_C_LANGUAGE_STANDARD = gnu11;
				GCC_NO_COMMON_BLOCKS = YES;
				GCC_WARN_64_TO_32_BIT_CONVERSION = YES;
				GCC_WARN_ABOUT_RETURN_TYPE = YES_ERROR;
				GCC_WARN_UNDECLARED_SELECTOR = YES;
				GCC_WARN_UNINITIALIZED_AUTOS = YES_AGGRESSIVE;
				GCC_WARN_UNUSED_FUNCTION = YES;
				GCC_WARN_UNUSED_VARIABLE = YES;
				IPHONEOS_DEPLOYMENT_TARGET = 11.3;
				MTL_ENABLE_DEBUG_INFO = NO;
				SDKROOT = iphoneos;
				SWIFT_COMPILATION_MODE = wholemodule;
				SWIFT_OPTIMIZATION_LEVEL = "-O";
				VALIDATE_PRODUCT = YES;
			};
			name = Release;
		};
		6F4CA20C20C9067800FD1A1D /* Debug */ = {
			isa = XCBuildConfiguration;
			buildSettings = {
				ASSETCATALOG_COMPILER_APPICON_NAME = AppIcon;
				CODE_SIGN_STYLE = Automatic;
				INFOPLIST_FILE = PullToRefresh_07/Info.plist;
				LD_RUNPATH_SEARCH_PATHS = (
					"$(inherited)",
					"@executable_path/Frameworks",
				);
				PRODUCT_BUNDLE_IDENTIFIER = "songpeng.PullToRefresh-07";
				PRODUCT_NAME = "$(TARGET_NAME)";
				SWIFT_VERSION = 4.0;
				TARGETED_DEVICE_FAMILY = "1,2";
			};
			name = Debug;
		};
		6F4CA20D20C9067800FD1A1D /* Release */ = {
			isa = XCBuildConfiguration;
			buildSettings = {
				ASSETCATALOG_COMPILER_APPICON_NAME = AppIcon;
				CODE_SIGN_STYLE = Automatic;
				INFOPLIST_FILE = PullToRefresh_07/Info.plist;
				LD_RUNPATH_SEARCH_PATHS = (
					"$(inherited)",
					"@executable_path/Frameworks",
				);
				PRODUCT_BUNDLE_IDENTIFIER = "songpeng.PullToRefresh-07";
				PRODUCT_NAME = "$(TARGET_NAME)";
				SWIFT_VERSION = 4.0;
				TARGETED_DEVICE_FAMILY = "1,2";
			};
			name = Release;
		};
		6F4CA20F20C9067800FD1A1D /* Debug */ = {
			isa = XCBuildConfiguration;
			buildSettings = {
				ALWAYS_EMBED_SWIFT_STANDARD_LIBRARIES = YES;
				BUNDLE_LOADER = "$(TEST_HOST)";
				CODE_SIGN_STYLE = Automatic;
				INFOPLIST_FILE = PullToRefresh_07Tests/Info.plist;
				LD_RUNPATH_SEARCH_PATHS = (
					"$(inherited)",
					"@executable_path/Frameworks",
					"@loader_path/Frameworks",
				);
				PRODUCT_BUNDLE_IDENTIFIER = "songpeng.PullToRefresh-07Tests";
				PRODUCT_NAME = "$(TARGET_NAME)";
				SWIFT_VERSION = 4.0;
				TARGETED_DEVICE_FAMILY = "1,2";
				TEST_HOST = "$(BUILT_PRODUCTS_DIR)/PullToRefresh_07.app/PullToRefresh_07";
			};
			name = Debug;
		};
		6F4CA21020C9067800FD1A1D /* Release */ = {
			isa = XCBuildConfiguration;
			buildSettings = {
				ALWAYS_EMBED_SWIFT_STANDARD_LIBRARIES = YES;
				BUNDLE_LOADER = "$(TEST_HOST)";
				CODE_SIGN_STYLE = Automatic;
				INFOPLIST_FILE = PullToRefresh_07Tests/Info.plist;
				LD_RUNPATH_SEARCH_PATHS = (
					"$(inherited)",
					"@executable_path/Frameworks",
					"@loader_path/Frameworks",
				);
				PRODUCT_BUNDLE_IDENTIFIER = "songpeng.PullToRefresh-07Tests";
				PRODUCT_NAME = "$(TARGET_NAME)";
				SWIFT_VERSION = 4.0;
				TARGETED_DEVICE_FAMILY = "1,2";
				TEST_HOST = "$(BUILT_PRODUCTS_DIR)/PullToRefresh_07.app/PullToRefresh_07";
			};
			name = Release;
		};
		6F4CA21220C9067800FD1A1D /* Debug */ = {
			isa = XCBuildConfiguration;
			buildSettings = {
				ALWAYS_EMBED_SWIFT_STANDARD_LIBRARIES = YES;
				CODE_SIGN_STYLE = Automatic;
				INFOPLIST_FILE = PullToRefresh_07UITests/Info.plist;
				LD_RUNPATH_SEARCH_PATHS = (
					"$(inherited)",
					"@executable_path/Frameworks",
					"@loader_path/Frameworks",
				);
				PRODUCT_BUNDLE_IDENTIFIER = "songpeng.PullToRefresh-07UITests";
				PRODUCT_NAME = "$(TARGET_NAME)";
				SWIFT_VERSION = 4.0;
				TARGETED_DEVICE_FAMILY = "1,2";
				TEST_TARGET_NAME = PullToRefresh_07;
			};
			name = Debug;
		};
		6F4CA21320C9067800FD1A1D /* Release */ = {
			isa = XCBuildConfiguration;
			buildSettings = {
				ALWAYS_EMBED_SWIFT_STANDARD_LIBRARIES = YES;
				CODE_SIGN_STYLE = Automatic;
				INFOPLIST_FILE = PullToRefresh_07UITests/Info.plist;
				LD_RUNPATH_SEARCH_PATHS = (
					"$(inherited)",
					"@executable_path/Frameworks",
					"@loader_path/Frameworks",
				);
				PRODUCT_BUNDLE_IDENTIFIER = "songpeng.PullToRefresh-07UITests";
				PRODUCT_NAME = "$(TARGET_NAME)";
				SWIFT_VERSION = 4.0;
				TARGETED_DEVICE_FAMILY = "1,2";
				TEST_TARGET_NAME = PullToRefresh_07;
			};
			name = Release;
		};
/* End XCBuildConfiguration section */

/* Begin XCConfigurationList section */
		6F4CA1DE20C9067500FD1A1D /* Build configuration list for PBXProject "PullToRefresh_07" */ = {
			isa = XCConfigurationList;
			buildConfigurations = (
				6F4CA20920C9067800FD1A1D /* Debug */,
				6F4CA20A20C9067800FD1A1D /* Release */,
			);
			defaultConfigurationIsVisible = 0;
			defaultConfigurationName = Release;
		};
		6F4CA20B20C9067800FD1A1D /* Build configuration list for PBXNativeTarget "PullToRefresh_07" */ = {
			isa = XCConfigurationList;
			buildConfigurations = (
				6F4CA20C20C9067800FD1A1D /* Debug */,
				6F4CA20D20C9067800FD1A1D /* Release */,
			);
			defaultConfigurationIsVisible = 0;
			defaultConfigurationName = Release;
		};
		6F4CA20E20C9067800FD1A1D /* Build configuration list for PBXNativeTarget "PullToRefresh_07Tests" */ = {
			isa = XCConfigurationList;
			buildConfigurations = (
				6F4CA20F20C9067800FD1A1D /* Debug */,
				6F4CA21020C9067800FD1A1D /* Release */,
			);
			defaultConfigurationIsVisible = 0;
			defaultConfigurationName = Release;
		};
		6F4CA21120C9067800FD1A1D /* Build configuration list for PBXNativeTarget "PullToRefresh_07UITests" */ = {
			isa = XCConfigurationList;
			buildConfigurations = (
				6F4CA21220C9067800FD1A1D /* Debug */,
				6F4CA21320C9067800FD1A1D /* Release */,
			);
			defaultConfigurationIsVisible = 0;
			defaultConfigurationName = Release;
		};
/* End XCConfigurationList section */
	};
	rootObject = 6F4CA1DB20C9067500FD1A1D /* Project object */;
}
