// !$*UTF8*$!
{
	archiveVersion = 1;
	classes = {
	};
	objectVersion = 50;
	objects = {

/* Begin PBXBuildFile section */
		6F4DA18520C0FBAB00FB509A /* VideoCell.swift in Sources */ = {isa = PBXBuildFile; fileRef = 6F4DA18420C0FBAB00FB509A /* VideoCell.swift */; };
		6F4DA18820C12EFB00FB509A /* emoji zone.mp4 in Resources */ = {isa = PBXBuildFile; fileRef = 6F4DA18720C12EFB00FB509A /* emoji zone.mp4 */; };
		6F59F6C720BFF615009BBFF1 /* AppDelegate.swift in Sources */ = {isa = PBXBuildFile; fileRef = 6F59F6C620BFF615009BBFF1 /* AppDelegate.swift */; };
		6F59F6C920BFF615009BBFF1 /* ViewController.swift in Sources */ = {isa = PBXBuildFile; fileRef = 6F59F6C820BFF615009BBFF1 /* ViewController.swift */; };
		6F59F6CC20BFF615009BBFF1 /* Main.storyboard in Resources */ = {isa = PBXBuildFile; fileRef = 6F59F6CA20BFF615009BBFF1 /* Main.storyboard */; };
		6F59F6CE20BFF617009BBFF1 /* Assets.xcassets in Resources */ = {isa = PBXBuildFile; fileRef = 6F59F6CD20BFF617009BBFF1 /* Assets.xcassets */; };
		6F59F6D120BFF617009BBFF1 /* LaunchScreen.storyboard in Resources */ = {isa = PBXBuildFile; fileRef = 6F59F6CF20BFF617009BBFF1 /* LaunchScreen.storyboard */; };
		6F59F6DC20BFF617009BBFF1 /* PlayLocalVideo_03Tests.swift in Sources */ = {isa = PBXBuildFile; fileRef = 6F59F6DB20BFF617009BBFF1 /* PlayLocalVideo_03Tests.swift */; };
		6F59F6E720BFF618009BBFF1 /* PlayLocalVideo_03UITests.swift in Sources */ = {isa = PBXBuildFile; fileRef = 6F59F6E620BFF618009BBFF1 /* PlayLocalVideo_03UITests.swift */; };
/* End PBXBuildFile section */

/* Begin PBXContainerItemProxy section */
		6F59F6D820BFF617009BBFF1 /* PBXContainerItemProxy */ = {
			isa = PBXContainerItemProxy;
			containerPortal = 6F59F6BB20BFF615009BBFF1 /* Project object */;
			proxyType = 1;
			remoteGlobalIDString = 6F59F6C220BFF615009BBFF1;
			remoteInfo = PlayLocalVideo_03;
		};
		6F59F6E320BFF618009BBFF1 /* PBXContainerItemProxy */ = {
			isa = PBXContainerItemProxy;
			containerPortal = 6F59F6BB20BFF615009BBFF1 /* Project object */;
			proxyType = 1;
			remoteGlobalIDString = 6F59F6C220BFF615009BBFF1;
			remoteInfo = PlayLocalVideo_03;
		};
/* End PBXContainerItemProxy section */

/* Begin PBXFileReference section */
		6F4DA18420C0FBAB00FB509A /* VideoCell.swift */ = {isa = PBXFileReference; lastKnownFileType = sourcecode.swift; path = VideoCell.swift; sourceTree = "<group>"; };
		6F4DA18720C12EFB00FB509A /* emoji zone.mp4 */ = {isa = PBXFileReference; lastKnownFileType = file; path = "emoji zone.mp4"; sourceTree = "<group>"; };
		6F59F6C320BFF615009BBFF1 /* PlayLocalVideo_03.app */ = {isa = PBXFileReference; explicitFileType = wrapper.application; includeInIndex = 0; path = PlayLocalVideo_03.app; sourceTree = BUILT_PRODUCTS_DIR; };
		6F59F6C620BFF615009BBFF1 /* AppDelegate.swift */ = {isa = PBXFileReference; lastKnownFileType = sourcecode.swift; path = AppDelegate.swift; sourceTree = "<group>"; };
		6F59F6C820BFF615009BBFF1 /* ViewController.swift */ = {isa = PBXFileReference; lastKnownFileType = sourcecode.swift; path = ViewController.swift; sourceTree = "<group>"; };
		6F59F6CB20BFF615009BBFF1 /* Base */ = {isa = PBXFileReference; lastKnownFileType = file.storyboard; name = Base; path = Base.lproj/Main.storyboard; sourceTree = "<group>"; };
		6F59F6CD20BFF617009BBFF1 /* Assets.xcassets */ = {isa = PBXFileReference; lastKnownFileType = folder.assetcatalog; path = Assets.xcassets; sourceTree = "<group>"; };
		6F59F6D020BFF617009BBFF1 /* Base */ = {isa = PBXFileReference; lastKnownFileType = file.storyboard; name = Base; path = Base.lproj/LaunchScreen.storyboard; sourceTree = "<group>"; };
		6F59F6D220BFF617009BBFF1 /* Info.plist */ = {isa = PBXFileReference; lastKnownFileType = text.plist.xml; path = Info.plist; sourceTree = "<group>"; };
		6F59F6D720BFF617009BBFF1 /* PlayLocalVideo_03Tests.xctest */ = {isa = PBXFileReference; explicitFileType = wrapper.cfbundle; includeInIndex = 0; path = PlayLocalVideo_03Tests.xctest; sourceTree = BUILT_PRODUCTS_DIR; };
		6F59F6DB20BFF617009BBFF1 /* PlayLocalVideo_03Tests.swift */ = {isa = PBXFileReference; lastKnownFileType = sourcecode.swift; path = PlayLocalVideo_03Tests.swift; sourceTree = "<group>"; };
		6F59F6DD20BFF617009BBFF1 /* Info.plist */ = {isa = PBXFileReference; lastKnownFileType = text.plist.xml; path = Info.plist; sourceTree = "<group>"; };
		6F59F6E220BFF618009BBFF1 /* PlayLocalVideo_03UITests.xctest */ = {isa = PBXFileReference; explicitFileType = wrapper.cfbundle; includeInIndex = 0; path = PlayLocalVideo_03UITests.xctest; sourceTree = BUILT_PRODUCTS_DIR; };
		6F59F6E620BFF618009BBFF1 /* PlayLocalVideo_03UITests.swift */ = {isa = PBXFileReference; lastKnownFileType = sourcecode.swift; path = PlayLocalVideo_03UITests.swift; sourceTree = "<group>"; };
		6F59F6E820BFF618009BBFF1 /* Info.plist */ = {isa = PBXFileReference; lastKnownFileType = text.plist.xml; path = Info.plist; sourceTree = "<group>"; };
/* End PBXFileReference section */

/* Begin PBXFrameworksBuildPhase section */
		6F59F6C020BFF615009BBFF1 /* Frameworks */ = {
			isa = PBXFrameworksBuildPhase;
			buildActionMask = 2147483647;
			files = (
			);
			runOnlyForDeploymentPostprocessing = 0;
		};
		6F59F6D420BFF617009BBFF1 /* Frameworks */ = {
			isa = PBXFrameworksBuildPhase;
			buildActionMask = 2147483647;
			files = (
			);
			runOnlyForDeploymentPostprocessing = 0;
		};
		6F59F6DF20BFF618009BBFF1 /* Frameworks */ = {
			isa = PBXFrameworksBuildPhase;
			buildActionMask = 2147483647;
			files = (
			);
			runOnlyForDeploymentPostprocessing = 0;
		};
/* End PBXFrameworksBuildPhase section */

/* Begin PBXGroup section */
		6F4DA18620C12EEA00FB509A /* Video */ = {
			isa = PBXGroup;
			children = (
				6F4DA18720C12EFB00FB509A /* emoji zone.mp4 */,
			);
			path = Video;
			sourceTree = "<group>";
		};
		6F59F6BA20BFF615009BBFF1 = {
			isa = PBXGroup;
			children = (
				6F59F6C520BFF615009BBFF1 /* PlayLocalVideo_03 */,
				6F59F6DA20BFF617009BBFF1 /* PlayLocalVideo_03Tests */,
				6F59F6E520BFF618009BBFF1 /* PlayLocalVideo_03UITests */,
				6F59F6C420BFF615009BBFF1 /* Products */,
			);
			sourceTree = "<group>";
		};
		6F59F6C420BFF615009BBFF1 /* Products */ = {
			isa = PBXGroup;
			children = (
				6F59F6C320BFF615009BBFF1 /* PlayLocalVideo_03.app */,
				6F59F6D720BFF617009BBFF1 /* PlayLocalVideo_03Tests.xctest */,
				6F59F6E220BFF618009BBFF1 /* PlayLocalVideo_03UITests.xctest */,
			);
			name = Products;
			sourceTree = "<group>";
		};
		6F59F6C520BFF615009BBFF1 /* PlayLocalVideo_03 */ = {
			isa = PBXGroup;
			children = (
				6F4DA18620C12EEA00FB509A /* Video */,
				6F59F6C620BFF615009BBFF1 /* AppDelegate.swift */,
				6F59F6C820BFF615009BBFF1 /* ViewController.swift */,
				6F4DA18420C0FBAB00FB509A /* VideoCell.swift */,
				6F59F6CA20BFF615009BBFF1 /* Main.storyboard */,
				6F59F6CD20BFF617009BBFF1 /* Assets.xcassets */,
				6F59F6CF20BFF617009BBFF1 /* LaunchScreen.storyboard */,
				6F59F6D220BFF617009BBFF1 /* Info.plist */,
			);
			path = PlayLocalVideo_03;
			sourceTree = "<group>";
		};
		6F59F6DA20BFF617009BBFF1 /* PlayLocalVideo_03Tests */ = {
			isa = PBXGroup;
			children = (
				6F59F6DB20BFF617009BBFF1 /* PlayLocalVideo_03Tests.swift */,
				6F59F6DD20BFF617009BBFF1 /* Info.plist */,
			);
			path = PlayLocalVideo_03Tests;
			sourceTree = "<group>";
		};
		6F59F6E520BFF618009BBFF1 /* PlayLocalVideo_03UITests */ = {
			isa = PBXGroup;
			children = (
				6F59F6E620BFF618009BBFF1 /* PlayLocalVideo_03UITests.swift */,
				6F59F6E820BFF618009BBFF1 /* Info.plist */,
			);
			path = PlayLocalVideo_03UITests;
			sourceTree = "<group>";
		};
/* End PBXGroup section */

/* Begin PBXNativeTarget section */
		6F59F6C220BFF615009BBFF1 /* PlayLocalVideo_03 */ = {
			isa = PBXNativeTarget;
			buildConfigurationList = 6F59F6EB20BFF618009BBFF1 /* Build configuration list for PBXNativeTarget "PlayLocalVideo_03" */;
			buildPhases = (
				6F59F6BF20BFF615009BBFF1 /* Sources */,
				6F59F6C020BFF615009BBFF1 /* Frameworks */,
				6F59F6C120BFF615009BBFF1 /* Resources */,
			);
			buildRules = (
			);
			dependencies = (
			);
			name = PlayLocalVideo_03;
			productName = PlayLocalVideo_03;
			productReference = 6F59F6C320BFF615009BBFF1 /* PlayLocalVideo_03.app */;
			productType = "com.apple.product-type.application";
		};
		6F59F6D620BFF617009BBFF1 /* PlayLocalVideo_03Tests */ = {
			isa = PBXNativeTarget;
			buildConfigurationList = 6F59F6EE20BFF618009BBFF1 /* Build configuration list for PBXNativeTarget "PlayLocalVideo_03Tests" */;
			buildPhases = (
				6F59F6D320BFF617009BBFF1 /* Sources */,
				6F59F6D420BFF617009BBFF1 /* Frameworks */,
				6F59F6D520BFF617009BBFF1 /* Resources */,
			);
			buildRules = (
			);
			dependencies = (
				6F59F6D920BFF617009BBFF1 /* PBXTargetDependency */,
			);
			name = PlayLocalVideo_03Tests;
			productName = PlayLocalVideo_03Tests;
			productReference = 6F59F6D720BFF617009BBFF1 /* PlayLocalVideo_03Tests.xctest */;
			productType = "com.apple.product-type.bundle.unit-test";
		};
		6F59F6E120BFF618009BBFF1 /* PlayLocalVideo_03UITests */ = {
			isa = PBXNativeTarget;
			buildConfigurationList = 6F59F6F120BFF618009BBFF1 /* Build configuration list for PBXNativeTarget "PlayLocalVideo_03UITests" */;
			buildPhases = (
				6F59F6DE20BFF618009BBFF1 /* Sources */,
				6F59F6DF20BFF618009BBFF1 /* Frameworks */,
				6F59F6E020BFF618009BBFF1 /* Resources */,
			);
			buildRules = (
			);
			dependencies = (
				6F59F6E420BFF618009BBFF1 /* PBXTargetDependency */,
			);
			name = PlayLocalVideo_03UITests;
			productName = PlayLocalVideo_03UITests;
			productReference = 6F59F6E220BFF618009BBFF1 /* PlayLocalVideo_03UITests.xctest */;
			productType = "com.apple.product-type.bundle.ui-testing";
		};
/* End PBXNativeTarget section */

/* Begin PBXProject section */
		6F59F6BB20BFF615009BBFF1 /* Project object */ = {
			isa = PBXProject;
			attributes = {
				LastSwiftUpdateCheck = 0930;
				LastUpgradeCheck = 0930;
				ORGANIZATIONNAME = "宋澎";
				TargetAttributes = {
					6F59F6C220BFF615009BBFF1 = {
						CreatedOnToolsVersion = 9.3;
					};
					6F59F6D620BFF617009BBFF1 = {
						CreatedOnToolsVersion = 9.3;
						TestTargetID = 6F59F6C220BFF615009BBFF1;
					};
					6F59F6E120BFF618009BBFF1 = {
						CreatedOnToolsVersion = 9.3;
						TestTargetID = 6F59F6C220BFF615009BBFF1;
					};
				};
			};
			buildConfigurationList = 6F59F6BE20BFF615009BBFF1 /* Build configuration list for PBXProject "PlayLocalVideo_03" */;
			compatibilityVersion = "Xcode 9.3";
			developmentRegion = en;
			hasScannedForEncodings = 0;
			knownRegions = (
				en,
				Base,
			);
			mainGroup = 6F59F6BA20BFF615009BBFF1;
			productRefGroup = 6F59F6C420BFF615009BBFF1 /* Products */;
			projectDirPath = "";
			projectRoot = "";
			targets = (
				6F59F6C220BFF615009BBFF1 /* PlayLocalVideo_03 */,
				6F59F6D620BFF617009BBFF1 /* PlayLocalVideo_03Tests */,
				6F59F6E120BFF618009BBFF1 /* PlayLocalVideo_03UITests */,
			);
		};
/* End PBXProject section */

/* Begin PBXResourcesBuildPhase section */
		6F59F6C120BFF615009BBFF1 /* Resources */ = {
			isa = PBXResourcesBuildPhase;
			buildActionMask = 2147483647;
			files = (
				6F59F6D120BFF617009BBFF1 /* LaunchScreen.storyboard in Resources */,
				6F4DA18820C12EFB00FB509A /* emoji zone.mp4 in Resources */,
				6F59F6CE20BFF617009BBFF1 /* Assets.xcassets in Resources */,
				6F59F6CC20BFF615009BBFF1 /* Main.storyboard in Resources */,
			);
			runOnlyForDeploymentPostprocessing = 0;
		};
		6F59F6D520BFF617009BBFF1 /* Resources */ = {
			isa = PBXResourcesBuildPhase;
			buildActionMask = 2147483647;
			files = (
			);
			runOnlyForDeploymentPostprocessing = 0;
		};
		6F59F6E020BFF618009BBFF1 /* Resources */ = {
			isa = PBXResourcesBuildPhase;
			buildActionMask = 2147483647;
			files = (
			);
			runOnlyForDeploymentPostprocessing = 0;
		};
/* End PBXResourcesBuildPhase section */

/* Begin PBXSourcesBuildPhase section */
		6F59F6BF20BFF615009BBFF1 /* Sources */ = {
			isa = PBXSourcesBuildPhase;
			buildActionMask = 2147483647;
			files = (
				6F59F6C920BFF615009BBFF1 /* ViewController.swift in Sources */,
				6F59F6C720BFF615009BBFF1 /* AppDelegate.swift in Sources */,
				6F4DA18520C0FBAB00FB509A /* VideoCell.swift in Sources */,
			);
			runOnlyForDeploymentPostprocessing = 0;
		};
		6F59F6D320BFF617009BBFF1 /* Sources */ = {
			isa = PBXSourcesBuildPhase;
			buildActionMask = 2147483647;
			files = (
				6F59F6DC20BFF617009BBFF1 /* PlayLocalVideo_03Tests.swift in Sources */,
			);
			runOnlyForDeploymentPostprocessing = 0;
		};
		6F59F6DE20BFF618009BBFF1 /* Sources */ = {
			isa = PBXSourcesBuildPhase;
			buildActionMask = 2147483647;
			files = (
				6F59F6E720BFF618009BBFF1 /* PlayLocalVideo_03UITests.swift in Sources */,
			);
			runOnlyForDeploymentPostprocessing = 0;
		};
/* End PBXSourcesBuildPhase section */

/* Begin PBXTargetDependency section */
		6F59F6D920BFF617009BBFF1 /* PBXTargetDependency */ = {
			isa = PBXTargetDependency;
			target = 6F59F6C220BFF615009BBFF1 /* PlayLocalVideo_03 */;
			targetProxy = 6F59F6D820BFF617009BBFF1 /* PBXContainerItemProxy */;
		};
		6F59F6E420BFF618009BBFF1 /* PBXTargetDependency */ = {
			isa = PBXTargetDependency;
			target = 6F59F6C220BFF615009BBFF1 /* PlayLocalVideo_03 */;
			targetProxy = 6F59F6E320BFF618009BBFF1 /* PBXContainerItemProxy */;
		};
/* End PBXTargetDependency section */

/* Begin PBXVariantGroup section */
		6F59F6CA20BFF615009BBFF1 /* Main.storyboard */ = {
			isa = PBXVariantGroup;
			children = (
				6F59F6CB20BFF615009BBFF1 /* Base */,
			);
			name = Main.storyboard;
			sourceTree = "<group>";
		};
		6F59F6CF20BFF617009BBFF1 /* LaunchScreen.storyboard */ = {
			isa = PBXVariantGroup;
			children = (
				6F59F6D020BFF617009BBFF1 /* Base */,
			);
			name = LaunchScreen.storyboard;
			sourceTree = "<group>";
		};
/* End PBXVariantGroup section */

/* Begin XCBuildConfiguration section */
		6F59F6E920BFF618009BBFF1 /* Debug */ = {
			isa = XCBuildConfiguration;
			buildSettings = {
				ALWAYS_SEARCH_USER_PATHS = NO;
				CLANG_ANALYZER_NONNULL = YES;
				CLANG_ANALYZER_NUMBER_OBJECT_CONVERSION = YES_AGGRESSIVE;
				CLANG_CXX_LANGUAGE_STANDARD = "gnu++14";
				CLANG_CXX_LIBRARY = "libc++";
				CLANG_ENABLE_MODULES = YES;
				CLANG_ENABLE_OBJC_ARC = YES;
				CLANG_ENABLE_OBJC_WEAK = YES;
				CLANG_WARN_BLOCK_CAPTURE_AUTORELEASING = YES;
				CLANG_WARN_BOOL_CONVERSION = YES;
				CLANG_WARN_COMMA = YES;
				CLANG_WARN_CONSTANT_CONVERSION = YES;
				CLANG_WARN_DEPRECATED_OBJC_IMPLEMENTATIONS = YES;
				CLANG_WARN_DIRECT_OBJC_ISA_USAGE = YES_ERROR;
				CLANG_WARN_DOCUMENTATION_COMMENTS = YES;
				CLANG_WARN_EMPTY_BODY = YES;
				CLANG_WARN_ENUM_CONVERSION = YES;
				CLANG_WARN_INFINITE_RECURSION = YES;
				CLANG_WARN_INT_CONVERSION = YES;
				CLANG_WARN_NON_LITERAL_NULL_CONVERSION = YES;
				CLANG_WARN_OBJC_IMPLICIT_RETAIN_SELF = YES;
				CLANG_WARN_OBJC_LITERAL_CONVERSION = YES;
				CLANG_WARN_OBJC_ROOT_CLASS = YES_ERROR;
				CLANG_WARN_RANGE_LOOP_ANALYSIS = YES;
				CLANG_WARN_STRICT_PROTOTYPES = YES;
				CLANG_WARN_SUSPICIOUS_MOVE = YES;
				CLANG_WARN_UNGUARDED_AVAILABILITY = YES_AGGRESSIVE;
				CLANG_WARN_UNREACHABLE_CODE = YES;
				CLANG_WARN__DUPLICATE_METHOD_MATCH = YES;
				CODE_SIGN_IDENTITY = "iPhone Developer";
				COPY_PHASE_STRIP = NO;
				DEBUG_INFORMATION_FORMAT = dwarf;
				ENABLE_STRICT_OBJC_MSGSEND = YES;
				ENABLE_TESTABILITY = YES;
				GCC_C_LANGUAGE_STANDARD = gnu11;
				GCC_DYNAMIC_NO_PIC = NO;
				GCC_NO_COMMON_BLOCKS = YES;
				GCC_OPTIMIZATION_LEVEL = 0;
				GCC_PREPROCESSOR_DEFINITIONS = (
					"DEBUG=1",
					"$(inherited)",
				);
				GCC_WARN_64_TO_32_BIT_CONVERSION = YES;
				GCC_WARN_ABOUT_RETURN_TYPE = YES_ERROR;
				GCC_WARN_UNDECLARED_SELECTOR = YES;
				GCC_WARN_UNINITIALIZED_AUTOS = YES_AGGRESSIVE;
				GCC_WARN_UNUSED_FUNCTION = YES;
				GCC_WARN_UNUSED_VARIABLE = YES;
				IPHONEOS_DEPLOYMENT_TARGET = 11.3;
				MTL_ENABLE_DEBUG_INFO = YES;
				ONLY_ACTIVE_ARCH = YES;
				SDKROOT = iphoneos;
				SWIFT_ACTIVE_COMPILATION_CONDITIONS = DEBUG;
				SWIFT_OPTIMIZATION_LEVEL = "-Onone";
			};
			name = Debug;
		};
		6F59F6EA20BFF618009BBFF1 /* Release */ = {
			isa = XCBuildConfiguration;
			buildSettings = {
				ALWAYS_SEARCH_USER_PATHS = NO;
				CLANG_ANALYZER_NONNULL = YES;
				CLANG_ANALYZER_NUMBER_OBJECT_CONVERSION = YES_AGGRESSIVE;
				CLANG_CXX_LANGUAGE_STANDARD = "gnu++14";
				CLANG_CXX_LIBRARY = "libc++";
				CLANG_ENABLE_MODULES = YES;
				CLANG_ENABLE_OBJC_ARC = YES;
				CLANG_ENABLE_OBJC_WEAK = YES;
				CLANG_WARN_BLOCK_CAPTURE_AUTORELEASING = YES;
				CLANG_WARN_BOOL_CONVERSION = YES;
				CLANG_WARN_COMMA = YES;
				CLANG_WARN_CONSTANT_CONVERSION = YES;
				CLANG_WARN_DEPRECATED_OBJC_IMPLEMENTATIONS = YES;
				CLANG_WARN_DIRECT_OBJC_ISA_USAGE = YES_ERROR;
				CLANG_WARN_DOCUMENTATION_COMMENTS = YES;
				CLANG_WARN_EMPTY_BODY = YES;
				CLANG_WARN_ENUM_CONVERSION = YES;
				CLANG_WARN_INFINITE_RECURSION = YES;
				CLANG_WARN_INT_CONVERSION = YES;
				CLANG_WARN_NON_LITERAL_NULL_CONVERSION = YES;
				CLANG_WARN_OBJC_IMPLICIT_RETAIN_SELF = YES;
				CLANG_WARN_OBJC_LITERAL_CONVERSION = YES;
				CLANG_WARN_OBJC_ROOT_CLASS = YES_ERROR;
				CLANG_WARN_RANGE_LOOP_ANALYSIS = YES;
				CLANG_WARN_STRICT_PROTOTYPES = YES;
				CLANG_WARN_SUSPICIOUS_MOVE = YES;
				CLANG_WARN_UNGUARDED_AVAILABILITY = YES_AGGRESSIVE;
				CLANG_WARN_UNREACHABLE_CODE = YES;
				CLANG_WARN__DUPLICATE_METHOD_MATCH = YES;
				CODE_SIGN_IDENTITY = "iPhone Developer";
				COPY_PHASE_STRIP = NO;
				DEBUG_INFORMATION_FORMAT = "dwarf-with-dsym";
				ENABLE_NS_ASSERTIONS = NO;
				ENABLE_STRICT_OBJC_MSGSEND = YES;
				GCC_C_LANGUAGE_STANDARD = gnu11;
				GCC_NO_COMMON_BLOCKS = YES;
				GCC_WARN_64_TO_32_BIT_CONVERSION = YES;
				GCC_WARN_ABOUT_RETURN_TYPE = YES_ERROR;
				GCC_WARN_UNDECLARED_SELECTOR = YES;
				GCC_WARN_UNINITIALIZED_AUTOS = YES_AGGRESSIVE;
				GCC_WARN_UNUSED_FUNCTION = YES;
				GCC_WARN_UNUSED_VARIABLE = YES;
				IPHONEOS_DEPLOYMENT_TARGET = 11.3;
				MTL_ENABLE_DEBUG_INFO = NO;
				SDKROOT = iphoneos;
				SWIFT_COMPILATION_MODE = wholemodule;
				SWIFT_OPTIMIZATION_LEVEL = "-O";
				VALIDATE_PRODUCT = YES;
			};
			name = Release;
		};
		6F59F6EC20BFF618009BBFF1 /* Debug */ = {
			isa = XCBuildConfiguration;
			buildSettings = {
				ASSETCATALOG_COMPILER_APPICON_NAME = AppIcon;
				CODE_SIGN_STYLE = Automatic;
				INFOPLIST_FILE = PlayLocalVideo_03/Info.plist;
				LD_RUNPATH_SEARCH_PATHS = (
					"$(inherited)",
					"@executable_path/Frameworks",
				);
				PRODUCT_BUNDLE_IDENTIFIER = "songpeng.PlayLocalVideo-03";
				PRODUCT_NAME = "$(TARGET_NAME)";
				SWIFT_VERSION = 4.0;
				TARGETED_DEVICE_FAMILY = "1,2";
			};
			name = Debug;
		};
		6F59F6ED20BFF618009BBFF1 /* Release */ = {
			isa = XCBuildConfiguration;
			buildSettings = {
				ASSETCATALOG_COMPILER_APPICON_NAME = AppIcon;
				CODE_SIGN_STYLE = Automatic;
				INFOPLIST_FILE = PlayLocalVideo_03/Info.plist;
				LD_RUNPATH_SEARCH_PATHS = (
					"$(inherited)",
					"@executable_path/Frameworks",
				);
				PRODUCT_BUNDLE_IDENTIFIER = "songpeng.PlayLocalVideo-03";
				PRODUCT_NAME = "$(TARGET_NAME)";
				SWIFT_VERSION = 4.0;
				TARGETED_DEVICE_FAMILY = "1,2";
			};
			name = Release;
		};
		6F59F6EF20BFF618009BBFF1 /* Debug */ = {
			isa = XCBuildConfiguration;
			buildSettings = {
				ALWAYS_EMBED_SWIFT_STANDARD_LIBRARIES = YES;
				BUNDLE_LOADER = "$(TEST_HOST)";
				CODE_SIGN_STYLE = Automatic;
				INFOPLIST_FILE = PlayLocalVideo_03Tests/Info.plist;
				LD_RUNPATH_SEARCH_PATHS = (
					"$(inherited)",
					"@executable_path/Frameworks",
					"@loader_path/Frameworks",
				);
				PRODUCT_BUNDLE_IDENTIFIER = "songpeng.PlayLocalVideo-03Tests";
				PRODUCT_NAME = "$(TARGET_NAME)";
				SWIFT_VERSION = 4.0;
				TARGETED_DEVICE_FAMILY = "1,2";
				TEST_HOST = "$(BUILT_PRODUCTS_DIR)/PlayLocalVideo_03.app/PlayLocalVideo_03";
			};
			name = Debug;
		};
		6F59F6F020BFF618009BBFF1 /* Release */ = {
			isa = XCBuildConfiguration;
			buildSettings = {
				ALWAYS_EMBED_SWIFT_STANDARD_LIBRARIES = YES;
				BUNDLE_LOADER = "$(TEST_HOST)";
				CODE_SIGN_STYLE = Automatic;
				INFOPLIST_FILE = PlayLocalVideo_03Tests/Info.plist;
				LD_RUNPATH_SEARCH_PATHS = (
					"$(inherited)",
					"@executable_path/Frameworks",
					"@loader_path/Frameworks",
				);
				PRODUCT_BUNDLE_IDENTIFIER = "songpeng.PlayLocalVideo-03Tests";
				PRODUCT_NAME = "$(TARGET_NAME)";
				SWIFT_VERSION = 4.0;
				TARGETED_DEVICE_FAMILY = "1,2";
				TEST_HOST = "$(BUILT_PRODUCTS_DIR)/PlayLocalVideo_03.app/PlayLocalVideo_03";
			};
			name = Release;
		};
		6F59F6F220BFF618009BBFF1 /* Debug */ = {
			isa = XCBuildConfiguration;
			buildSettings = {
				ALWAYS_EMBED_SWIFT_STANDARD_LIBRARIES = YES;
				CODE_SIGN_STYLE = Automatic;
				INFOPLIST_FILE = PlayLocalVideo_03UITests/Info.plist;
				LD_RUNPATH_SEARCH_PATHS = (
					"$(inherited)",
					"@executable_path/Frameworks",
					"@loader_path/Frameworks",
				);
				PRODUCT_BUNDLE_IDENTIFIER = "songpeng.PlayLocalVideo-03UITests";
				PRODUCT_NAME = "$(TARGET_NAME)";
				SWIFT_VERSION = 4.0;
				TARGETED_DEVICE_FAMILY = "1,2";
				TEST_TARGET_NAME = PlayLocalVideo_03;
			};
			name = Debug;
		};
		6F59F6F320BFF618009BBFF1 /* Release */ = {
			isa = XCBuildConfiguration;
			buildSettings = {
				ALWAYS_EMBED_SWIFT_STANDARD_LIBRARIES = YES;
				CODE_SIGN_STYLE = Automatic;
				INFOPLIST_FILE = PlayLocalVideo_03UITests/Info.plist;
				LD_RUNPATH_SEARCH_PATHS = (
					"$(inherited)",
					"@executable_path/Frameworks",
					"@loader_path/Frameworks",
				);
				PRODUCT_BUNDLE_IDENTIFIER = "songpeng.PlayLocalVideo-03UITests";
				PRODUCT_NAME = "$(TARGET_NAME)";
				SWIFT_VERSION = 4.0;
				TARGETED_DEVICE_FAMILY = "1,2";
				TEST_TARGET_NAME = PlayLocalVideo_03;
			};
			name = Release;
		};
/* End XCBuildConfiguration section */

/* Begin XCConfigurationList section */
		6F59F6BE20BFF615009BBFF1 /* Build configuration list for PBXProject "PlayLocalVideo_03" */ = {
			isa = XCConfigurationList;
			buildConfigurations = (
				6F59F6E920BFF618009BBFF1 /* Debug */,
				6F59F6EA20BFF618009BBFF1 /* Release */,
			);
			defaultConfigurationIsVisible = 0;
			defaultConfigurationName = Release;
		};
		6F59F6EB20BFF618009BBFF1 /* Build configuration list for PBXNativeTarget "PlayLocalVideo_03" */ = {
			isa = XCConfigurationList;
			buildConfigurations = (
				6F59F6EC20BFF618009BBFF1 /* Debug */,
				6F59F6ED20BFF618009BBFF1 /* Release */,
			);
			defaultConfigurationIsVisible = 0;
			defaultConfigurationName = Release;
		};
		6F59F6EE20BFF618009BBFF1 /* Build configuration list for PBXNativeTarget "PlayLocalVideo_03Tests" */ = {
			isa = XCConfigurationList;
			buildConfigurations = (
				6F59F6EF20BFF618009BBFF1 /* Debug */,
				6F59F6F020BFF618009BBFF1 /* Release */,
			);
			defaultConfigurationIsVisible = 0;
			defaultConfigurationName = Release;
		};
		6F59F6F120BFF618009BBFF1 /* Build configuration list for PBXNativeTarget "PlayLocalVideo_03UITests" */ = {
			isa = XCConfigurationList;
			buildConfigurations = (
				6F59F6F220BFF618009BBFF1 /* Debug */,
				6F59F6F320BFF618009BBFF1 /* Release */,
			);
			defaultConfigurationIsVisible = 0;
			defaultConfigurationName = Release;
		};
/* End XCConfigurationList section */
	};
	rootObject = 6F59F6BB20BFF615009BBFF1 /* Project object */;
}
