// !$*UTF8*$!
{
	archiveVersion = 1;
	classes = {
	};
	objectVersion = 50;
	objects = {

/* Begin PBXBuildFile section */
		6F74899C20C4F119006C5671 /* AppDelegate.swift in Sources */ = {isa = PBXBuildFile; fileRef = 6F74899B20C4F119006C5671 /* AppDelegate.swift */; };
		6F74899E20C4F119006C5671 /* ViewController.swift in Sources */ = {isa = PBXBuildFile; fileRef = 6F74899D20C4F119006C5671 /* ViewController.swift */; };
		6F7489A120C4F119006C5671 /* Main.storyboard in Resources */ = {isa = PBXBuildFile; fileRef = 6F74899F20C4F119006C5671 /* Main.storyboard */; };
		6F7489A320C4F11B006C5671 /* Assets.xcassets in Resources */ = {isa = PBXBuildFile; fileRef = 6F7489A220C4F11B006C5671 /* Assets.xcassets */; };
		6F7489A620C4F11B006C5671 /* LaunchScreen.storyboard in Resources */ = {isa = PBXBuildFile; fileRef = 6F7489A420C4F11B006C5671 /* LaunchScreen.storyboard */; };
		6F7489B120C4F11C006C5671 /* SnapChatMenu_04Tests.swift in Sources */ = {isa = PBXBuildFile; fileRef = 6F7489B020C4F11C006C5671 /* SnapChatMenu_04Tests.swift */; };
		6F7489BC20C4F11C006C5671 /* SnapChatMenu_04UITests.swift in Sources */ = {isa = PBXBuildFile; fileRef = 6F7489BB20C4F11C006C5671 /* SnapChatMenu_04UITests.swift */; };
		6F7489CC20C4F18E006C5671 /* LeftView.xib in Resources */ = {isa = PBXBuildFile; fileRef = 6F7489CB20C4F18E006C5671 /* LeftView.xib */; };
		6F7489CE20C4F1BD006C5671 /* LeftView.swift in Sources */ = {isa = PBXBuildFile; fileRef = 6F7489CD20C4F1BD006C5671 /* LeftView.swift */; };
		6F7489D020C5068F006C5671 /* RightView.swift in Sources */ = {isa = PBXBuildFile; fileRef = 6F7489CF20C5068F006C5671 /* RightView.swift */; };
		6F7489D220C50699006C5671 /* RightView.xib in Resources */ = {isa = PBXBuildFile; fileRef = 6F7489D120C50699006C5671 /* RightView.xib */; };
		6F7489D520C514AC006C5671 /* CenterViewController.swift in Sources */ = {isa = PBXBuildFile; fileRef = 6F7489D320C514AC006C5671 /* CenterViewController.swift */; };
		6F7489D620C514AC006C5671 /* CenterViewController.xib in Resources */ = {isa = PBXBuildFile; fileRef = 6F7489D420C514AC006C5671 /* CenterViewController.xib */; };
/* End PBXBuildFile section */

/* Begin PBXContainerItemProxy section */
		6F7489AD20C4F11C006C5671 /* PBXContainerItemProxy */ = {
			isa = PBXContainerItemProxy;
			containerPortal = 6F74899020C4F119006C5671 /* Project object */;
			proxyType = 1;
			remoteGlobalIDString = 6F74899720C4F119006C5671;
			remoteInfo = SnapChatMenu_04;
		};
		6F7489B820C4F11C006C5671 /* PBXContainerItemProxy */ = {
			isa = PBXContainerItemProxy;
			containerPortal = 6F74899020C4F119006C5671 /* Project object */;
			proxyType = 1;
			remoteGlobalIDString = 6F74899720C4F119006C5671;
			remoteInfo = SnapChatMenu_04;
		};
/* End PBXContainerItemProxy section */

/* Begin PBXFileReference section */
		6F74899820C4F119006C5671 /* SnapChatMenu_04.app */ = {isa = PBXFileReference; explicitFileType = wrapper.application; includeInIndex = 0; path = SnapChatMenu_04.app; sourceTree = BUILT_PRODUCTS_DIR; };
		6F74899B20C4F119006C5671 /* AppDelegate.swift */ = {isa = PBXFileReference; lastKnownFileType = sourcecode.swift; path = AppDelegate.swift; sourceTree = "<group>"; };
		6F74899D20C4F119006C5671 /* ViewController.swift */ = {isa = PBXFileReference; lastKnownFileType = sourcecode.swift; path = ViewController.swift; sourceTree = "<group>"; };
		6F7489A020C4F119006C5671 /* Base */ = {isa = PBXFileReference; lastKnownFileType = file.storyboard; name = Base; path = Base.lproj/Main.storyboard; sourceTree = "<group>"; };
		6F7489A220C4F11B006C5671 /* Assets.xcassets */ = {isa = PBXFileReference; lastKnownFileType = folder.assetcatalog; path = Assets.xcassets; sourceTree = "<group>"; };
		6F7489A520C4F11B006C5671 /* Base */ = {isa = PBXFileReference; lastKnownFileType = file.storyboard; name = Base; path = Base.lproj/LaunchScreen.storyboard; sourceTree = "<group>"; };
		6F7489A720C4F11B006C5671 /* Info.plist */ = {isa = PBXFileReference; lastKnownFileType = text.plist.xml; path = Info.plist; sourceTree = "<group>"; };
		6F7489AC20C4F11C006C5671 /* SnapChatMenu_04Tests.xctest */ = {isa = PBXFileReference; explicitFileType = wrapper.cfbundle; includeInIndex = 0; path = SnapChatMenu_04Tests.xctest; sourceTree = BUILT_PRODUCTS_DIR; };
		6F7489B020C4F11C006C5671 /* SnapChatMenu_04Tests.swift */ = {isa = PBXFileReference; lastKnownFileType = sourcecode.swift; path = SnapChatMenu_04Tests.swift; sourceTree = "<group>"; };
		6F7489B220C4F11C006C5671 /* Info.plist */ = {isa = PBXFileReference; lastKnownFileType = text.plist.xml; path = Info.plist; sourceTree = "<group>"; };
		6F7489B720C4F11C006C5671 /* SnapChatMenu_04UITests.xctest */ = {isa = PBXFileReference; explicitFileType = wrapper.cfbundle; includeInIndex = 0; path = SnapChatMenu_04UITests.xctest; sourceTree = BUILT_PRODUCTS_DIR; };
		6F7489BB20C4F11C006C5671 /* SnapChatMenu_04UITests.swift */ = {isa = PBXFileReference; lastKnownFileType = sourcecode.swift; path = SnapChatMenu_04UITests.swift; sourceTree = "<group>"; };
		6F7489BD20C4F11C006C5671 /* Info.plist */ = {isa = PBXFileReference; lastKnownFileType = text.plist.xml; path = Info.plist; sourceTree = "<group>"; };
		6F7489CB20C4F18E006C5671 /* LeftView.xib */ = {isa = PBXFileReference; lastKnownFileType = file.xib; path = LeftView.xib; sourceTree = "<group>"; };
		6F7489CD20C4F1BD006C5671 /* LeftView.swift */ = {isa = PBXFileReference; lastKnownFileType = sourcecode.swift; path = LeftView.swift; sourceTree = "<group>"; };
		6F7489CF20C5068F006C5671 /* RightView.swift */ = {isa = PBXFileReference; lastKnownFileType = sourcecode.swift; path = RightView.swift; sourceTree = "<group>"; };
		6F7489D120C50699006C5671 /* RightView.xib */ = {isa = PBXFileReference; lastKnownFileType = file.xib; path = RightView.xib; sourceTree = "<group>"; };
		6F7489D320C514AC006C5671 /* CenterViewController.swift */ = {isa = PBXFileReference; lastKnownFileType = sourcecode.swift; path = CenterViewController.swift; sourceTree = "<group>"; };
		6F7489D420C514AC006C5671 /* CenterViewController.xib */ = {isa = PBXFileReference; lastKnownFileType = file.xib; path = CenterViewController.xib; sourceTree = "<group>"; };
/* End PBXFileReference section */

/* Begin PBXFrameworksBuildPhase section */
		6F74899520C4F119006C5671 /* Frameworks */ = {
			isa = PBXFrameworksBuildPhase;
			buildActionMask = 2147483647;
			files = (
			);
			runOnlyForDeploymentPostprocessing = 0;
		};
		6F7489A920C4F11C006C5671 /* Frameworks */ = {
			isa = PBXFrameworksBuildPhase;
			buildActionMask = 2147483647;
			files = (
			);
			runOnlyForDeploymentPostprocessing = 0;
		};
		6F7489B420C4F11C006C5671 /* Frameworks */ = {
			isa = PBXFrameworksBuildPhase;
			buildActionMask = 2147483647;
			files = (
			);
			runOnlyForDeploymentPostprocessing = 0;
		};
/* End PBXFrameworksBuildPhase section */

/* Begin PBXGroup section */
		6F74898F20C4F119006C5671 = {
			isa = PBXGroup;
			children = (
				6F74899A20C4F119006C5671 /* SnapChatMenu_04 */,
				6F7489AF20C4F11C006C5671 /* SnapChatMenu_04Tests */,
				6F7489BA20C4F11C006C5671 /* SnapChatMenu_04UITests */,
				6F74899920C4F119006C5671 /* Products */,
			);
			sourceTree = "<group>";
		};
		6F74899920C4F119006C5671 /* Products */ = {
			isa = PBXGroup;
			children = (
				6F74899820C4F119006C5671 /* SnapChatMenu_04.app */,
				6F7489AC20C4F11C006C5671 /* SnapChatMenu_04Tests.xctest */,
				6F7489B720C4F11C006C5671 /* SnapChatMenu_04UITests.xctest */,
			);
			name = Products;
			sourceTree = "<group>";
		};
		6F74899A20C4F119006C5671 /* SnapChatMenu_04 */ = {
			isa = PBXGroup;
			children = (
				6F74899B20C4F119006C5671 /* AppDelegate.swift */,
				6F74899D20C4F119006C5671 /* ViewController.swift */,
				6F7489CD20C4F1BD006C5671 /* LeftView.swift */,
				6F7489CF20C5068F006C5671 /* RightView.swift */,
				6F7489D120C50699006C5671 /* RightView.xib */,
				6F7489CB20C4F18E006C5671 /* LeftView.xib */,
				6F7489D320C514AC006C5671 /* CenterViewController.swift */,
				6F7489D420C514AC006C5671 /* CenterViewController.xib */,
				6F74899F20C4F119006C5671 /* Main.storyboard */,
				6F7489A220C4F11B006C5671 /* Assets.xcassets */,
				6F7489A420C4F11B006C5671 /* LaunchScreen.storyboard */,
				6F7489A720C4F11B006C5671 /* Info.plist */,
			);
			path = SnapChatMenu_04;
			sourceTree = "<group>";
		};
		6F7489AF20C4F11C006C5671 /* SnapChatMenu_04Tests */ = {
			isa = PBXGroup;
			children = (
				6F7489B020C4F11C006C5671 /* SnapChatMenu_04Tests.swift */,
				6F7489B220C4F11C006C5671 /* Info.plist */,
			);
			path = SnapChatMenu_04Tests;
			sourceTree = "<group>";
		};
		6F7489BA20C4F11C006C5671 /* SnapChatMenu_04UITests */ = {
			isa = PBXGroup;
			children = (
				6F7489BB20C4F11C006C5671 /* SnapChatMenu_04UITests.swift */,
				6F7489BD20C4F11C006C5671 /* Info.plist */,
			);
			path = SnapChatMenu_04UITests;
			sourceTree = "<group>";
		};
/* End PBXGroup section */

/* Begin PBXNativeTarget section */
		6F74899720C4F119006C5671 /* SnapChatMenu_04 */ = {
			isa = PBXNativeTarget;
			buildConfigurationList = 6F7489C020C4F11C006C5671 /* Build configuration list for PBXNativeTarget "SnapChatMenu_04" */;
			buildPhases = (
				6F74899420C4F119006C5671 /* Sources */,
				6F74899520C4F119006C5671 /* Frameworks */,
				6F74899620C4F119006C5671 /* Resources */,
			);
			buildRules = (
			);
			dependencies = (
			);
			name = SnapChatMenu_04;
			productName = SnapChatMenu_04;
			productReference = 6F74899820C4F119006C5671 /* SnapChatMenu_04.app */;
			productType = "com.apple.product-type.application";
		};
		6F7489AB20C4F11C006C5671 /* SnapChatMenu_04Tests */ = {
			isa = PBXNativeTarget;
			buildConfigurationList = 6F7489C320C4F11C006C5671 /* Build configuration list for PBXNativeTarget "SnapChatMenu_04Tests" */;
			buildPhases = (
				6F7489A820C4F11C006C5671 /* Sources */,
				6F7489A920C4F11C006C5671 /* Frameworks */,
				6F7489AA20C4F11C006C5671 /* Resources */,
			);
			buildRules = (
			);
			dependencies = (
				6F7489AE20C4F11C006C5671 /* PBXTargetDependency */,
			);
			name = SnapChatMenu_04Tests;
			productName = SnapChatMenu_04Tests;
			productReference = 6F7489AC20C4F11C006C5671 /* SnapChatMenu_04Tests.xctest */;
			productType = "com.apple.product-type.bundle.unit-test";
		};
		6F7489B620C4F11C006C5671 /* SnapChatMenu_04UITests */ = {
			isa = PBXNativeTarget;
			buildConfigurationList = 6F7489C620C4F11C006C5671 /* Build configuration list for PBXNativeTarget "SnapChatMenu_04UITests" */;
			buildPhases = (
				6F7489B320C4F11C006C5671 /* Sources */,
				6F7489B420C4F11C006C5671 /* Frameworks */,
				6F7489B520C4F11C006C5671 /* Resources */,
			);
			buildRules = (
			);
			dependencies = (
				6F7489B920C4F11C006C5671 /* PBXTargetDependency */,
			);
			name = SnapChatMenu_04UITests;
			productName = SnapChatMenu_04UITests;
			productReference = 6F7489B720C4F11C006C5671 /* SnapChatMenu_04UITests.xctest */;
			productType = "com.apple.product-type.bundle.ui-testing";
		};
/* End PBXNativeTarget section */

/* Begin PBXProject section */
		6F74899020C4F119006C5671 /* Project object */ = {
			isa = PBXProject;
			attributes = {
				LastSwiftUpdateCheck = 0930;
				LastUpgradeCheck = 0930;
				ORGANIZATIONNAME = "宋澎";
				TargetAttributes = {
					6F74899720C4F119006C5671 = {
						CreatedOnToolsVersion = 9.3;
					};
					6F7489AB20C4F11C006C5671 = {
						CreatedOnToolsVersion = 9.3;
						TestTargetID = 6F74899720C4F119006C5671;
					};
					6F7489B620C4F11C006C5671 = {
						CreatedOnToolsVersion = 9.3;
						TestTargetID = 6F74899720C4F119006C5671;
					};
				};
			};
			buildConfigurationList = 6F74899320C4F119006C5671 /* Build configuration list for PBXProject "SnapChatMenu_04" */;
			compatibilityVersion = "Xcode 9.3";
			developmentRegion = en;
			hasScannedForEncodings = 0;
			knownRegions = (
				en,
				Base,
			);
			mainGroup = 6F74898F20C4F119006C5671;
			productRefGroup = 6F74899920C4F119006C5671 /* Products */;
			projectDirPath = "";
			projectRoot = "";
			targets = (
				6F74899720C4F119006C5671 /* SnapChatMenu_04 */,
				6F7489AB20C4F11C006C5671 /* SnapChatMenu_04Tests */,
				6F7489B620C4F11C006C5671 /* SnapChatMenu_04UITests */,
			);
		};
/* End PBXProject section */

/* Begin PBXResourcesBuildPhase section */
		6F74899620C4F119006C5671 /* Resources */ = {
			isa = PBXResourcesBuildPhase;
			buildActionMask = 2147483647;
			files = (
				6F7489A620C4F11B006C5671 /* LaunchScreen.storyboard in Resources */,
				6F7489D220C50699006C5671 /* RightView.xib in Resources */,
				6F7489A320C4F11B006C5671 /* Assets.xcassets in Resources */,
				6F7489A120C4F119006C5671 /* Main.storyboard in Resources */,
				6F7489CC20C4F18E006C5671 /* LeftView.xib in Resources */,
				6F7489D620C514AC006C5671 /* CenterViewController.xib in Resources */,
			);
			runOnlyForDeploymentPostprocessing = 0;
		};
		6F7489AA20C4F11C006C5671 /* Resources */ = {
			isa = PBXResourcesBuildPhase;
			buildActionMask = 2147483647;
			files = (
			);
			runOnlyForDeploymentPostprocessing = 0;
		};
		6F7489B520C4F11C006C5671 /* Resources */ = {
			isa = PBXResourcesBuildPhase;
			buildActionMask = 2147483647;
			files = (
			);
			runOnlyForDeploymentPostprocessing = 0;
		};
/* End PBXResourcesBuildPhase section */

/* Begin PBXSourcesBuildPhase section */
		6F74899420C4F119006C5671 /* Sources */ = {
			isa = PBXSourcesBuildPhase;
			buildActionMask = 2147483647;
			files = (
				6F74899E20C4F119006C5671 /* ViewController.swift in Sources */,
				6F74899C20C4F119006C5671 /* AppDelegate.swift in Sources */,
				6F7489CE20C4F1BD006C5671 /* LeftView.swift in Sources */,
				6F7489D020C5068F006C5671 /* RightView.swift in Sources */,
				6F7489D520C514AC006C5671 /* CenterViewController.swift in Sources */,
			);
			runOnlyForDeploymentPostprocessing = 0;
		};
		6F7489A820C4F11C006C5671 /* Sources */ = {
			isa = PBXSourcesBuildPhase;
			buildActionMask = 2147483647;
			files = (
				6F7489B120C4F11C006C5671 /* SnapChatMenu_04Tests.swift in Sources */,
			);
			runOnlyForDeploymentPostprocessing = 0;
		};
		6F7489B320C4F11C006C5671 /* Sources */ = {
			isa = PBXSourcesBuildPhase;
			buildActionMask = 2147483647;
			files = (
				6F7489BC20C4F11C006C5671 /* SnapChatMenu_04UITests.swift in Sources */,
			);
			runOnlyForDeploymentPostprocessing = 0;
		};
/* End PBXSourcesBuildPhase section */

/* Begin PBXTargetDependency section */
		6F7489AE20C4F11C006C5671 /* PBXTargetDependency */ = {
			isa = PBXTargetDependency;
			target = 6F74899720C4F119006C5671 /* SnapChatMenu_04 */;
			targetProxy = 6F7489AD20C4F11C006C5671 /* PBXContainerItemProxy */;
		};
		6F7489B920C4F11C006C5671 /* PBXTargetDependency */ = {
			isa = PBXTargetDependency;
			target = 6F74899720C4F119006C5671 /* SnapChatMenu_04 */;
			targetProxy = 6F7489B820C4F11C006C5671 /* PBXContainerItemProxy */;
		};
/* End PBXTargetDependency section */

/* Begin PBXVariantGroup section */
		6F74899F20C4F119006C5671 /* Main.storyboard */ = {
			isa = PBXVariantGroup;
			children = (
				6F7489A020C4F119006C5671 /* Base */,
			);
			name = Main.storyboard;
			sourceTree = "<group>";
		};
		6F7489A420C4F11B006C5671 /* LaunchScreen.storyboard */ = {
			isa = PBXVariantGroup;
			children = (
				6F7489A520C4F11B006C5671 /* Base */,
			);
			name = LaunchScreen.storyboard;
			sourceTree = "<group>";
		};
/* End PBXVariantGroup section */

/* Begin XCBuildConfiguration section */
		6F7489BE20C4F11C006C5671 /* Debug */ = {
			isa = XCBuildConfiguration;
			buildSettings = {
				ALWAYS_SEARCH_USER_PATHS = NO;
				CLANG_ANALYZER_NONNULL = YES;
				CLANG_ANALYZER_NUMBER_OBJECT_CONVERSION = YES_AGGRESSIVE;
				CLANG_CXX_LANGUAGE_STANDARD = "gnu++14";
				CLANG_CXX_LIBRARY = "libc++";
				CLANG_ENABLE_MODULES = YES;
				CLANG_ENABLE_OBJC_ARC = YES;
				CLANG_ENABLE_OBJC_WEAK = YES;
				CLANG_WARN_BLOCK_CAPTURE_AUTORELEASING = YES;
				CLANG_WARN_BOOL_CONVERSION = YES;
				CLANG_WARN_COMMA = YES;
				CLANG_WARN_CONSTANT_CONVERSION = YES;
				CLANG_WARN_DEPRECATED_OBJC_IMPLEMENTATIONS = YES;
				CLANG_WARN_DIRECT_OBJC_ISA_USAGE = YES_ERROR;
				CLANG_WARN_DOCUMENTATION_COMMENTS = YES;
				CLANG_WARN_EMPTY_BODY = YES;
				CLANG_WARN_ENUM_CONVERSION = YES;
				CLANG_WARN_INFINITE_RECURSION = YES;
				CLANG_WARN_INT_CONVERSION = YES;
				CLANG_WARN_NON_LITERAL_NULL_CONVERSION = YES;
				CLANG_WARN_OBJC_IMPLICIT_RETAIN_SELF = YES;
				CLANG_WARN_OBJC_LITERAL_CONVERSION = YES;
				CLANG_WARN_OBJC_ROOT_CLASS = YES_ERROR;
				CLANG_WARN_RANGE_LOOP_ANALYSIS = YES;
				CLANG_WARN_STRICT_PROTOTYPES = YES;
				CLANG_WARN_SUSPICIOUS_MOVE = YES;
				CLANG_WARN_UNGUARDED_AVAILABILITY = YES_AGGRESSIVE;
				CLANG_WARN_UNREACHABLE_CODE = YES;
				CLANG_WARN__DUPLICATE_METHOD_MATCH = YES;
				CODE_SIGN_IDENTITY = "iPhone Developer";
				COPY_PHASE_STRIP = NO;
				DEBUG_INFORMATION_FORMAT = dwarf;
				ENABLE_STRICT_OBJC_MSGSEND = YES;
				ENABLE_TESTABILITY = YES;
				GCC_C_LANGUAGE_STANDARD = gnu11;
				GCC_DYNAMIC_NO_PIC = NO;
				GCC_NO_COMMON_BLOCKS = YES;
				GCC_OPTIMIZATION_LEVEL = 0;
				GCC_PREPROCESSOR_DEFINITIONS = (
					"DEBUG=1",
					"$(inherited)",
				);
				GCC_WARN_64_TO_32_BIT_CONVERSION = YES;
				GCC_WARN_ABOUT_RETURN_TYPE = YES_ERROR;
				GCC_WARN_UNDECLARED_SELECTOR = YES;
				GCC_WARN_UNINITIALIZED_AUTOS = YES_AGGRESSIVE;
				GCC_WARN_UNUSED_FUNCTION = YES;
				GCC_WARN_UNUSED_VARIABLE = YES;
				IPHONEOS_DEPLOYMENT_TARGET = 11.3;
				MTL_ENABLE_DEBUG_INFO = YES;
				ONLY_ACTIVE_ARCH = YES;
				SDKROOT = iphoneos;
				SWIFT_ACTIVE_COMPILATION_CONDITIONS = DEBUG;
				SWIFT_OPTIMIZATION_LEVEL = "-Onone";
			};
			name = Debug;
		};
		6F7489BF20C4F11C006C5671 /* Release */ = {
			isa = XCBuildConfiguration;
			buildSettings = {
				ALWAYS_SEARCH_USER_PATHS = NO;
				CLANG_ANALYZER_NONNULL = YES;
				CLANG_ANALYZER_NUMBER_OBJECT_CONVERSION = YES_AGGRESSIVE;
				CLANG_CXX_LANGUAGE_STANDARD = "gnu++14";
				CLANG_CXX_LIBRARY = "libc++";
				CLANG_ENABLE_MODULES = YES;
				CLANG_ENABLE_OBJC_ARC = YES;
				CLANG_ENABLE_OBJC_WEAK = YES;
				CLANG_WARN_BLOCK_CAPTURE_AUTORELEASING = YES;
				CLANG_WARN_BOOL_CONVERSION = YES;
				CLANG_WARN_COMMA = YES;
				CLANG_WARN_CONSTANT_CONVERSION = YES;
				CLANG_WARN_DEPRECATED_OBJC_IMPLEMENTATIONS = YES;
				CLANG_WARN_DIRECT_OBJC_ISA_USAGE = YES_ERROR;
				CLANG_WARN_DOCUMENTATION_COMMENTS = YES;
				CLANG_WARN_EMPTY_BODY = YES;
				CLANG_WARN_ENUM_CONVERSION = YES;
				CLANG_WARN_INFINITE_RECURSION = YES;
				CLANG_WARN_INT_CONVERSION = YES;
				CLANG_WARN_NON_LITERAL_NULL_CONVERSION = YES;
				CLANG_WARN_OBJC_IMPLICIT_RETAIN_SELF = YES;
				CLANG_WARN_OBJC_LITERAL_CONVERSION = YES;
				CLANG_WARN_OBJC_ROOT_CLASS = YES_ERROR;
				CLANG_WARN_RANGE_LOOP_ANALYSIS = YES;
				CLANG_WARN_STRICT_PROTOTYPES = YES;
				CLANG_WARN_SUSPICIOUS_MOVE = YES;
				CLANG_WARN_UNGUARDED_AVAILABILITY = YES_AGGRESSIVE;
				CLANG_WARN_UNREACHABLE_CODE = YES;
				CLANG_WARN__DUPLICATE_METHOD_MATCH = YES;
				CODE_SIGN_IDENTITY = "iPhone Developer";
				COPY_PHASE_STRIP = NO;
				DEBUG_INFORMATION_FORMAT = "dwarf-with-dsym";
				ENABLE_NS_ASSERTIONS = NO;
				ENABLE_STRICT_OBJC_MSGSEND = YES;
				GCC_C_LANGUAGE_STANDARD = gnu11;
				GCC_NO_COMMON_BLOCKS = YES;
				GCC_WARN_64_TO_32_BIT_CONVERSION = YES;
				GCC_WARN_ABOUT_RETURN_TYPE = YES_ERROR;
				GCC_WARN_UNDECLARED_SELECTOR = YES;
				GCC_WARN_UNINITIALIZED_AUTOS = YES_AGGRESSIVE;
				GCC_WARN_UNUSED_FUNCTION = YES;
				GCC_WARN_UNUSED_VARIABLE = YES;
				IPHONEOS_DEPLOYMENT_TARGET = 11.3;
				MTL_ENABLE_DEBUG_INFO = NO;
				SDKROOT = iphoneos;
				SWIFT_COMPILATION_MODE = wholemodule;
				SWIFT_OPTIMIZATION_LEVEL = "-O";
				VALIDATE_PRODUCT = YES;
			};
			name = Release;
		};
		6F7489C120C4F11C006C5671 /* Debug */ = {
			isa = XCBuildConfiguration;
			buildSettings = {
				ASSETCATALOG_COMPILER_APPICON_NAME = AppIcon;
				CODE_SIGN_STYLE = Automatic;
				DEVELOPMENT_TEAM = KG6ZTEXK44;
				INFOPLIST_FILE = SnapChatMenu_04/Info.plist;
				LD_RUNPATH_SEARCH_PATHS = (
					"$(inherited)",
					"@executable_path/Frameworks",
				);
				PRODUCT_BUNDLE_IDENTIFIER = "songpeng.SnapChatMenu-04";
				PRODUCT_NAME = "$(TARGET_NAME)";
				SWIFT_VERSION = 4.0;
				TARGETED_DEVICE_FAMILY = "1,2";
			};
			name = Debug;
		};
		6F7489C220C4F11C006C5671 /* Release */ = {
			isa = XCBuildConfiguration;
			buildSettings = {
				ASSETCATALOG_COMPILER_APPICON_NAME = AppIcon;
				CODE_SIGN_STYLE = Automatic;
				DEVELOPMENT_TEAM = KG6ZTEXK44;
				INFOPLIST_FILE = SnapChatMenu_04/Info.plist;
				LD_RUNPATH_SEARCH_PATHS = (
					"$(inherited)",
					"@executable_path/Frameworks",
				);
				PRODUCT_BUNDLE_IDENTIFIER = "songpeng.SnapChatMenu-04";
				PRODUCT_NAME = "$(TARGET_NAME)";
				SWIFT_VERSION = 4.0;
				TARGETED_DEVICE_FAMILY = "1,2";
			};
			name = Release;
		};
		6F7489C420C4F11C006C5671 /* Debug */ = {
			isa = XCBuildConfiguration;
			buildSettings = {
				ALWAYS_EMBED_SWIFT_STANDARD_LIBRARIES = YES;
				BUNDLE_LOADER = "$(TEST_HOST)";
				CODE_SIGN_STYLE = Automatic;
				INFOPLIST_FILE = SnapChatMenu_04Tests/Info.plist;
				LD_RUNPATH_SEARCH_PATHS = (
					"$(inherited)",
					"@executable_path/Frameworks",
					"@loader_path/Frameworks",
				);
				PRODUCT_BUNDLE_IDENTIFIER = "songpeng.SnapChatMenu-04Tests";
				PRODUCT_NAME = "$(TARGET_NAME)";
				SWIFT_VERSION = 4.0;
				TARGETED_DEVICE_FAMILY = "1,2";
				TEST_HOST = "$(BUILT_PRODUCTS_DIR)/SnapChatMenu_04.app/SnapChatMenu_04";
			};
			name = Debug;
		};
		6F7489C520C4F11C006C5671 /* Release */ = {
			isa = XCBuildConfiguration;
			buildSettings = {
				ALWAYS_EMBED_SWIFT_STANDARD_LIBRARIES = YES;
				BUNDLE_LOADER = "$(TEST_HOST)";
				CODE_SIGN_STYLE = Automatic;
				INFOPLIST_FILE = SnapChatMenu_04Tests/Info.plist;
				LD_RUNPATH_SEARCH_PATHS = (
					"$(inherited)",
					"@executable_path/Frameworks",
					"@loader_path/Frameworks",
				);
				PRODUCT_BUNDLE_IDENTIFIER = "songpeng.SnapChatMenu-04Tests";
				PRODUCT_NAME = "$(TARGET_NAME)";
				SWIFT_VERSION = 4.0;
				TARGETED_DEVICE_FAMILY = "1,2";
				TEST_HOST = "$(BUILT_PRODUCTS_DIR)/SnapChatMenu_04.app/SnapChatMenu_04";
			};
			name = Release;
		};
		6F7489C720C4F11C006C5671 /* Debug */ = {
			isa = XCBuildConfiguration;
			buildSettings = {
				ALWAYS_EMBED_SWIFT_STANDARD_LIBRARIES = YES;
				CODE_SIGN_STYLE = Automatic;
				INFOPLIST_FILE = SnapChatMenu_04UITests/Info.plist;
				LD_RUNPATH_SEARCH_PATHS = (
					"$(inherited)",
					"@executable_path/Frameworks",
					"@loader_path/Frameworks",
				);
				PRODUCT_BUNDLE_IDENTIFIER = "songpeng.SnapChatMenu-04UITests";
				PRODUCT_NAME = "$(TARGET_NAME)";
				SWIFT_VERSION = 4.0;
				TARGETED_DEVICE_FAMILY = "1,2";
				TEST_TARGET_NAME = SnapChatMenu_04;
			};
			name = Debug;
		};
		6F7489C820C4F11C006C5671 /* Release */ = {
			isa = XCBuildConfiguration;
			buildSettings = {
				ALWAYS_EMBED_SWIFT_STANDARD_LIBRARIES = YES;
				CODE_SIGN_STYLE = Automatic;
				INFOPLIST_FILE = SnapChatMenu_04UITests/Info.plist;
				LD_RUNPATH_SEARCH_PATHS = (
					"$(inherited)",
					"@executable_path/Frameworks",
					"@loader_path/Frameworks",
				);
				PRODUCT_BUNDLE_IDENTIFIER = "songpeng.SnapChatMenu-04UITests";
				PRODUCT_NAME = "$(TARGET_NAME)";
				SWIFT_VERSION = 4.0;
				TARGETED_DEVICE_FAMILY = "1,2";
				TEST_TARGET_NAME = SnapChatMenu_04;
			};
			name = Release;
		};
/* End XCBuildConfiguration section */

/* Begin XCConfigurationList section */
		6F74899320C4F119006C5671 /* Build configuration list for PBXProject "SnapChatMenu_04" */ = {
			isa = XCConfigurationList;
			buildConfigurations = (
				6F7489BE20C4F11C006C5671 /* Debug */,
				6F7489BF20C4F11C006C5671 /* Release */,
			);
			defaultConfigurationIsVisible = 0;
			defaultConfigurationName = Release;
		};
		6F7489C020C4F11C006C5671 /* Build configuration list for PBXNativeTarget "SnapChatMenu_04" */ = {
			isa = XCConfigurationList;
			buildConfigurations = (
				6F7489C120C4F11C006C5671 /* Debug */,
				6F7489C220C4F11C006C5671 /* Release */,
			);
			defaultConfigurationIsVisible = 0;
			defaultConfigurationName = Release;
		};
		6F7489C320C4F11C006C5671 /* Build configuration list for PBXNativeTarget "SnapChatMenu_04Tests" */ = {
			isa = XCConfigurationList;
			buildConfigurations = (
				6F7489C420C4F11C006C5671 /* Debug */,
				6F7489C520C4F11C006C5671 /* Release */,
			);
			defaultConfigurationIsVisible = 0;
			defaultConfigurationName = Release;
		};
		6F7489C620C4F11C006C5671 /* Build configuration list for PBXNativeTarget "SnapChatMenu_04UITests" */ = {
			isa = XCConfigurationList;
			buildConfigurations = (
				6F7489C720C4F11C006C5671 /* Debug */,
				6F7489C820C4F11C006C5671 /* Release */,
			);
			defaultConfigurationIsVisible = 0;
			defaultConfigurationName = Release;
		};
/* End XCConfigurationList section */
	};
	rootObject = 6F74899020C4F119006C5671 /* Project object */;
}
